
Microsoft Visual Studio Solution File, Format Version 12.00
Project("{FAE04EC0-301F-11D3-BF4B-00C04F79EFBC}") = "UnlockRewards", "UnlockRewards\UnlockRewards.csproj", "{FD933842-A958-4901-855E-424FB487307F}"
EndProject
Global
	GlobalSection(SolutionConfigurationPlatforms) = preSolution
		Debug|Any CPU = Debug|Any CPU
		Release|Any CPU = Release|Any CPU
	EndGlobalSection
	GlobalSection(ProjectConfigurationPlatforms) = postSolution
		{FD933842-A958-4901-855E-424FB487307F}.Debug|Any CPU.ActiveCfg = Debug|Any CPU
		{FD933842-A958-4901-855E-424FB487307F}.Debug|Any CPU.Build.0 = Debug|Any CPU
		{FD933842-A958-4901-855E-424FB487307F}.Release|Any CPU.ActiveCfg = Release|Any CPU
		{FD933842-A958-4901-855E-424FB487307F}.Release|Any CPU.Build.0 = Release|Any CPU
	EndGlobalSection
EndGlobal
